github.com/fsnotify/fsnotify v1.9.0 h1:2Ml+OJNzbYCTzsxtv8vKSFD9PbJjmhYF14k/jKC7S9k=
github.com/fsnotify/fsnotify v1.9.0/go.mod h1:8jBTzvmWwFyi3Pb8djgCCO5IBqzKJ/Jwo8TRcHyHii0=
github.com/go-viper/mapstructure/v2 v2.5.0 h1:vM5IJoUAy3d7zRSVtIwQgBj7BiWtMPfmPEgAXnvj1Ro=
github.com/go-viper/mapstructure/v2 v2.5.0/go.mod h1:oJDH3BJKyqBA2TXFhDsKDGDTlndYOZ6rGS0BRZIxGhM=
github.com/kr/pretty v0.3.1 h1:flRD4NNwYAUpkphVc1HcthR4KEIFJ65n8Mw5qdRn3LE=
github.com/kr/text v0.2.0 h1:5Nx0Ya0ZqY2ygV366QzturHI13Jq95ApcVaJBhpS+AY=
github.com/pmarschik/kongfig v0.0.0-20260428085653-02bf0d2f2ad1 h1:2G7gGXPG8fvLDnipLEL3gC/+3zBh9ILDMZr7t0weH2w=
github.com/pmarschik/kongfig v0.0.0-20260428085653-02bf0d2f2ad1/go.mod h1:yOqoZFqCDGw6yu1KPcJAepL/BqP4lrvWy3hk9s0EEsQ=
github.com/pmarschik/kongfig/parsers/yaml v0.0.0-20260428085653-02bf0d2f2ad1 h1:rrCeIhG45wG77H/2ETn/C3drhZlSjMTh0DK7EBHqEKs=
github.com/pmarschik/kongfig/parsers/yaml v0.0.0-20260428085653-02bf0d2f2ad1/go.mod h1:E2nuWSKguMeI4xCAy6obzV2OExyGMeF4jP36z5wgtwQ=
github.com/pmarschik/kongfig/providers/file v0.0.0-20260428085653-02bf0d2f2ad1 h1:9+gUUgoOEKFrtf/5mHC78/rfJkeml94KkQGSFWLg+7U=
github.com/pmarschik/kongfig/providers/file v0.0.0-20260428085653-02bf0d2f2ad1/go.mod h1:JKPnuWmTen5l/imQXu+Vtt4oDOhm3LDZGYCgKImgL2Y=
github.com/rogpeppe/go-internal v1.14.1 h1:UQB4HGPB6osV0SQTLymcB4TgvyWu6ZyliaW0tI/otEQ=
golang.org/x/sys v0.43.0 h1:Rlag2XtaFTxp19wS8MXlJwTvoh8ArU6ezoyFsMyCTNI=
gopkg.in/check.v1 v0.0.0-20161208181325-20d25e280405/go.mod h1:Co6ibVJAznAaIkqp8huTwlJQCZ016jof/cbN4VW5Yz0=
gopkg.in/check.v1 v1.0.0-20201130134442-10cb98267c6c h1:Hei/4ADfdWqJk1ZMxUNpqntNwaWcugrBjAiHlqqRiVk=
gopkg.in/yaml.v3 v3.0.1 h1:fxVm/GzAzEWqLHuvctI91KS9hhNmmWOoWu0XTYJS7CA=
gopkg.in/yaml.v3 v3.0.1/go.mod h1:K4uyk7z7BCEPqu6E+C64Yfv1cQ7kz7rIZviUmN+EgEM=
