github.com/BurntSushi/toml v1.6.0 h1:dRaEfpa2VI55EwlIW72hMRHdWouJeRF7TPYhI+AUQjk=
github.com/BurntSushi/toml v1.6.0/go.mod h1:ukJfTF/6rtPPRCnwkur4qwRxa8vTRFBF0uk2lLoLwho=
github.com/alecthomas/assert/v2 v2.11.0 h1:2Q9r3ki8+JYXvGsDyBXwH3LcJ+WK5D0gc5E8vS6K3D0=
github.com/alecthomas/assert/v2 v2.11.0/go.mod h1:Bze95FyfUr7x34QZrjL+XP+0qgp/zg8yS+TtBj1WA3k=
github.com/alecthomas/kong v1.15.0 h1:BVJstKbpO73zKpmIu+m/aLRrNmWwxXPIGTNin9VmLVI=
github.com/alecthomas/kong v1.15.0/go.mod h1:wrlbXem1CWqUV5Vbmss5ISYhsVPkBb1Yo7YKJghju2I=
github.com/alecthomas/repr v0.5.2 h1:SU73FTI9D1P5UNtvseffFSGmdNci/O6RsqzeXJtP0Qs=
github.com/alecthomas/repr v0.5.2/go.mod h1:Fr0507jx4eOXV7AlPV6AVZLYrLIuIeSOWtW57eE/O/4=
github.com/fsnotify/fsnotify v1.9.0 h1:2Ml+OJNzbYCTzsxtv8vKSFD9PbJjmhYF14k/jKC7S9k=
github.com/fsnotify/fsnotify v1.9.0/go.mod h1:8jBTzvmWwFyi3Pb8djgCCO5IBqzKJ/Jwo8TRcHyHii0=
github.com/go-viper/mapstructure/v2 v2.5.0 h1:vM5IJoUAy3d7zRSVtIwQgBj7BiWtMPfmPEgAXnvj1Ro=
github.com/go-viper/mapstructure/v2 v2.5.0/go.mod h1:oJDH3BJKyqBA2TXFhDsKDGDTlndYOZ6rGS0BRZIxGhM=
github.com/hexops/gotextdiff v1.0.3 h1:gitA9+qJrrTCsiCl7+kh75nPqQt1cx4ZkudSTLoUqJM=
github.com/hexops/gotextdiff v1.0.3/go.mod h1:pSWU5MAI3yDq+fZBTazCSJysOMbxWL1BSow5/V2vxeg=
github.com/pmarschik/kongfig v0.5.0 h1:rrV9lhYN7grIeXNvtShmSb/xnAUPuMC4zIX0fR90vV8=
github.com/pmarschik/kongfig v0.5.0/go.mod h1:mEzjsBBVUCQVIJoc6TgKCy438kUkGaLCfx4hyQ1pugg=
github.com/pmarschik/kongfig/parsers/toml v0.4.0 h1:IsmGngk/RpA80lkiwiiq/D5ljB9NvLFl+teLk1H2aJM=
github.com/pmarschik/kongfig/parsers/toml v0.4.0/go.mod h1:FB8LNjfSMqaWgtqDigyT7HVkYXtIpUobL9//WJCy2KE=
github.com/pmarschik/kongfig/parsers/yaml v0.4.0 h1:15X2TwN5o6JuixswLKE2UfkVsFN0Fa9D74vlvqQJZuk=
github.com/pmarschik/kongfig/parsers/yaml v0.4.0/go.mod h1:qxjK0TmNhuSn2v171bM2dQ52ECpgvrfsRrwxvA88v+s=
github.com/pmarschik/kongfig/providers/file v0.5.0 h1:HwE/fnEQWovJn4IoTRAtJwRd7eJeK/RH0hzerrlZ+/U=
github.com/pmarschik/kongfig/providers/file v0.5.0/go.mod h1:WhC9DSnP9OeQAjkR/CsVefp1MU3qYXJvyrkyZZ1+Nc0=
golang.org/x/sys v0.43.0 h1:Rlag2XtaFTxp19wS8MXlJwTvoh8ArU6ezoyFsMyCTNI=
golang.org/x/sys v0.43.0/go.mod h1:4GL1E5IUh+htKOUEOaiffhrAeqysfVGipDYzABqnCmw=
gopkg.in/yaml.v3 v3.0.1 h1:fxVm/GzAzEWqLHuvctI91KS9hhNmmWOoWu0XTYJS7CA=
gopkg.in/yaml.v3 v3.0.1/go.mod h1:K4uyk7z7BCEPqu6E+C64Yfv1cQ7kz7rIZviUmN+EgEM=
